<?xml version="1.0" encoding="UTF-8"?>
<CONFIG>
  <ProjectOptions>
    <Version Value="9"/>
    <General>
      <SessionStorage Value="InProjectDir"/>
      <MainUnit Value="0"/>
      <Title Value="DrillSim3"/>
      <ResourceType Value="res"/>
      <UseXPManifest Value="True"/>
      <Icon Value="0"/>
    </General>
    <i18n>
      <EnableI18N LFM="False"/>
    </i18n>
    <VersionInfo>
      <UseVersionInfo Value="True"/>
      <MajorVersionNr Value="3"/>
      <Language Value="0809"/>
      <StringTable Comments="DrillSim (1988) re-written for the 21st Century" LegalCopyright="Ambersoft (Langworth UK)" ProductName="DrillSim" ProductVersion="3.0"/>
    </VersionInfo>
    <BuildModes Count="1">
      <Item1 Name="Default" Default="True"/>
    </BuildModes>
    <PublishOptions>
      <Version Value="2"/>
    </PublishOptions>
    <RunParams>
      <local>
        <FormatVersion Value="1"/>
      </local>
    </RunParams>
    <RequiredPackages Count="1">
      <Item1>
        <PackageName Value="LCL"/>
      </Item1>
    </RequiredPackages>
    <Units Count="11">
      <Unit0>
        <Filename Value="DrillSim3.lpr"/>
        <IsPartOfProject Value="True"/>
        <UnitName Value="DrillSim3"/>
      </Unit0>
      <Unit1>
        <Filename Value="DrillSimGUI.pas"/>
        <IsPartOfProject Value="True"/>
        <ComponentName Value="DrillSim"/>
        <HasResources Value="True"/>
        <ResourceBaseClass Value="Form"/>
        <UnitName Value="DrillSimGUI"/>
      </Unit1>
      <Unit2>
        <Filename Value="FormGeneralData.lfm"/>
        <IsPartOfProject Value="True"/>
      </Unit2>
      <Unit3>
        <Filename Value="FormHoleData.lfm"/>
        <IsPartOfProject Value="True"/>
      </Unit3>
      <Unit4>
        <Filename Value="formdisplaywelldata.pas"/>
        <IsPartOfProject Value="True"/>
        <ComponentName Value="Form1"/>
        <ResourceBaseClass Value="Form"/>
        <UnitName Value="FormDisplayWellData"/>
      </Unit4>
      <Unit5>
        <Filename Value="formunitsofmeasure.pas"/>
        <IsPartOfProject Value="True"/>
        <ComponentName Value="UnitsOfMeasureForm"/>
        <ResourceBaseClass Value="Form"/>
        <UnitName Value="FormUnitsOfMeasure"/>
      </Unit5>
      <Unit6>
        <Filename Value="formconfigdefaults.pas"/>
        <IsPartOfProject Value="True"/>
        <ComponentName Value="Form2"/>
        <ResourceBaseClass Value="Form"/>
        <UnitName Value="FormConfigDefaults"/>
      </Unit6>
      <Unit7>
        <Filename Value="formpipedata.pas"/>
        <IsPartOfProject Value="True"/>
        <ComponentName Value="Form3"/>
        <ResourceBaseClass Value="Form"/>
        <UnitName Value="FormPipeData"/>
      </Unit7>
      <Unit8>
        <Filename Value="formbitdata.pas"/>
        <IsPartOfProject Value="True"/>
        <ComponentName Value="BitDataForm"/>
        <ResourceBaseClass Value="Form"/>
        <UnitName Value="FormBitData"/>
      </Unit8>
      <Unit9>
        <Filename Value="formmuddata.pas"/>
        <IsPartOfProject Value="True"/>
        <ComponentName Value="MudDataForm"/>
        <ResourceBaseClass Value="Form"/>
        <UnitName Value="formmuddata"/>
      </Unit9>
      <Unit10>
        <Filename Value="formpumpdata.pas"/>
        <IsPartOfProject Value="True"/>
        <ComponentName Value="PumpDataForm"/>
        <ResourceBaseClass Value="Form"/>
        <UnitName Value="FormPumpData"/>
      </Unit10>
    </Units>
  </ProjectOptions>
  <CompilerOptions>
    <Version Value="11"/>
    <Target>
      <Filename Value="DrillSim3"/>
    </Target>
    <SearchPaths>
      <IncludeFiles Value="$(ProjOutDir)"/>
      <UnitOutputDirectory Value="lib/$(TargetCPU)-$(TargetOS)"/>
    </SearchPaths>
    <CodeGeneration>
      <TargetCPU Value="x86_64"/>
      <TargetOS Value="linux"/>
    </CodeGeneration>
    <Linking>
      <Options>
        <Win32>
          <GraphicApplication Value="True"/>
        </Win32>
      </Options>
    </Linking>
    <Other>
      <CompilerMessages>
        <MsgFileName Value=""/>
      </CompilerMessages>
      <CompilerPath Value="$(CompPath)"/>
    </Other>
  </CompilerOptions>
  <Debugging>
    <Exceptions Count="3">
      <Item1>
        <Name Value="EAbort"/>
      </Item1>
      <Item2>
        <Name Value="ECodetoolError"/>
      </Item2>
      <Item3>
        <Name Value="EFOpenError"/>
      </Item3>
    </Exceptions>
  </Debugging>
</CONFIG>
